
Microsoft Visual Studio Solution File, Format Version 12.00
# Visual Studio Version 17
VisualStudioVersion = 17.0.32014.148
MinimumVisualStudioVersion = 10.0.40219.1
Project("{8BC9CEB8-8B4A-11D0-8D11-00A0C91BC942}") = "Project3", "Project3\Project3.vcxproj", "{77A1F54D-1071-471B-80E8-263BC8CA0E8F}"
EndProject
Project("{8BC9CEB8-8B4A-11D0-8D11-00A0C91BC942}") = "AndreLamort", "Project4\Project4.vcxproj", "{9496CAAC-7FAC-4A08-A93E-3444A498CC75}"
EndProject
Project("{8BC9CEB8-8B4A-11D0-8D11-00A0C91BC942}") = "WndPaint", "C_lab1\C_lab1.vcxproj", "{B6C459F3-A85A-4193-9980-DB0BC2E7E456}"
EndProject
Project("{9A19103F-16F7-4668-BE54-9A1E7A4F7556}") = "C_sharp", "C_sharp\C_sharp.csproj", "{47AB012A-5E8D-4B66-A55B-EAA302D0D351}"
EndProject
Project("{8BC9CEB8-8B4A-11D0-8D11-00A0C91BC942}") = "Game", "Andre\Andre.vcxproj", "{657C0E14-6837-4335-B410-28080A6B99D2}"
EndProject
Project("{888888A0-9F3D-457C-B088-3A5042F75D52}") = "Parser", "Parser\Parser.pyproj", "{EBBDB68E-10E4-4397-9D17-D70568FAD7E0}"
EndProject
Project("{8BC9CEB8-8B4A-11D0-8D11-00A0C91BC942}") = "testing", "testing\testing.vcxproj", "{C2AD1CD7-E545-4B00-A43F-1B33F2942F19}"
EndProject
Project("{9A19103F-16F7-4668-BE54-9A1E7A4F7556}") = "Site", "Site\Site.csproj", "{B7581656-09B1-4B7D-AB0B-A074E67668B6}"
EndProject
Global
	GlobalSection(SolutionConfigurationPlatforms) = preSolution
		Debug|Any CPU = Debug|Any CPU
		Debug|ARM = Debug|ARM
		Debug|ARM64 = Debug|ARM64
		Debug|x64 = Debug|x64
		Debug|x86 = Debug|x86
		Release|Any CPU = Release|Any CPU
		Release|ARM = Release|ARM
		Release|ARM64 = Release|ARM64
		Release|x64 = Release|x64
		Release|x86 = Release|x86
	EndGlobalSection
	GlobalSection(ProjectConfigurationPlatforms) = postSolution
		{77A1F54D-1071-471B-80E8-263BC8CA0E8F}.Debug|Any CPU.ActiveCfg = Debug|Win32
		{77A1F54D-1071-471B-80E8-263BC8CA0E8F}.Debug|ARM.ActiveCfg = Debug|Win32
		{77A1F54D-1071-471B-80E8-263BC8CA0E8F}.Debug|ARM64.ActiveCfg = Debug|Win32
		{77A1F54D-1071-471B-80E8-263BC8CA0E8F}.Debug|x64.ActiveCfg = Debug|x64
		{77A1F54D-1071-471B-80E8-263BC8CA0E8F}.Debug|x64.Build.0 = Debug|x64
		{77A1F54D-1071-471B-80E8-263BC8CA0E8F}.Debug|x86.ActiveCfg = Debug|Win32
		{77A1F54D-1071-471B-80E8-263BC8CA0E8F}.Debug|x86.Build.0 = Debug|Win32
		{77A1F54D-1071-471B-80E8-263BC8CA0E8F}.Release|Any CPU.ActiveCfg = Release|Win32
		{77A1F54D-1071-471B-80E8-263BC8CA0E8F}.Release|ARM.ActiveCfg = Release|Win32
		{77A1F54D-1071-471B-80E8-263BC8CA0E8F}.Release|ARM64.ActiveCfg = Release|Win32
		{77A1F54D-1071-471B-80E8-263BC8CA0E8F}.Release|x64.ActiveCfg = Release|x64
		{77A1F54D-1071-471B-80E8-263BC8CA0E8F}.Release|x64.Build.0 = Release|x64
		{77A1F54D-1071-471B-80E8-263BC8CA0E8F}.Release|x86.ActiveCfg = Release|Win32
		{77A1F54D-1071-471B-80E8-263BC8CA0E8F}.Release|x86.Build.0 = Release|Win32
		{9496CAAC-7FAC-4A08-A93E-3444A498CC75}.Debug|Any CPU.ActiveCfg = Debug|Win32
		{9496CAAC-7FAC-4A08-A93E-3444A498CC75}.Debug|ARM.ActiveCfg = Debug|Win32
		{9496CAAC-7FAC-4A08-A93E-3444A498CC75}.Debug|ARM64.ActiveCfg = Debug|Win32
		{9496CAAC-7FAC-4A08-A93E-3444A498CC75}.Debug|x64.ActiveCfg = Debug|x64
		{9496CAAC-7FAC-4A08-A93E-3444A498CC75}.Debug|x64.Build.0 = Debug|x64
		{9496CAAC-7FAC-4A08-A93E-3444A498CC75}.Debug|x86.ActiveCfg = Debug|Win32
		{9496CAAC-7FAC-4A08-A93E-3444A498CC75}.Debug|x86.Build.0 = Debug|Win32
		{9496CAAC-7FAC-4A08-A93E-3444A498CC75}.Release|Any CPU.ActiveCfg = Release|Win32
		{9496CAAC-7FAC-4A08-A93E-3444A498CC75}.Release|ARM.ActiveCfg = Release|Win32
		{9496CAAC-7FAC-4A08-A93E-3444A498CC75}.Release|ARM64.ActiveCfg = Release|Win32
		{9496CAAC-7FAC-4A08-A93E-3444A498CC75}.Release|x64.ActiveCfg = Release|x64
		{9496CAAC-7FAC-4A08-A93E-3444A498CC75}.Release|x64.Build.0 = Release|x64
		{9496CAAC-7FAC-4A08-A93E-3444A498CC75}.Release|x86.ActiveCfg = Release|Win32
		{9496CAAC-7FAC-4A08-A93E-3444A498CC75}.Release|x86.Build.0 = Release|Win32
		{B6C459F3-A85A-4193-9980-DB0BC2E7E456}.Debug|Any CPU.ActiveCfg = Debug|Win32
		{B6C459F3-A85A-4193-9980-DB0BC2E7E456}.Debug|ARM.ActiveCfg = Debug|Win32
		{B6C459F3-A85A-4193-9980-DB0BC2E7E456}.Debug|ARM64.ActiveCfg = Debug|Win32
		{B6C459F3-A85A-4193-9980-DB0BC2E7E456}.Debug|x64.ActiveCfg = Debug|x64
		{B6C459F3-A85A-4193-9980-DB0BC2E7E456}.Debug|x64.Build.0 = Debug|x64
		{B6C459F3-A85A-4193-9980-DB0BC2E7E456}.Debug|x86.ActiveCfg = Debug|Win32
		{B6C459F3-A85A-4193-9980-DB0BC2E7E456}.Debug|x86.Build.0 = Debug|Win32
		{B6C459F3-A85A-4193-9980-DB0BC2E7E456}.Release|Any CPU.ActiveCfg = Release|Win32
		{B6C459F3-A85A-4193-9980-DB0BC2E7E456}.Release|ARM.ActiveCfg = Release|Win32
		{B6C459F3-A85A-4193-9980-DB0BC2E7E456}.Release|ARM64.ActiveCfg = Release|Win32
		{B6C459F3-A85A-4193-9980-DB0BC2E7E456}.Release|x64.ActiveCfg = Release|x64
		{B6C459F3-A85A-4193-9980-DB0BC2E7E456}.Release|x64.Build.0 = Release|x64
		{B6C459F3-A85A-4193-9980-DB0BC2E7E456}.Release|x86.ActiveCfg = Release|Win32
		{B6C459F3-A85A-4193-9980-DB0BC2E7E456}.Release|x86.Build.0 = Release|Win32
		{47AB012A-5E8D-4B66-A55B-EAA302D0D351}.Debug|Any CPU.ActiveCfg = Debug|Any CPU
		{47AB012A-5E8D-4B66-A55B-EAA302D0D351}.Debug|Any CPU.Build.0 = Debug|Any CPU
		{47AB012A-5E8D-4B66-A55B-EAA302D0D351}.Debug|ARM.ActiveCfg = Debug|Any CPU
		{47AB012A-5E8D-4B66-A55B-EAA302D0D351}.Debug|ARM.Build.0 = Debug|Any CPU
		{47AB012A-5E8D-4B66-A55B-EAA302D0D351}.Debug|ARM64.ActiveCfg = Debug|Any CPU
		{47AB012A-5E8D-4B66-A55B-EAA302D0D351}.Debug|ARM64.Build.0 = Debug|Any CPU
		{47AB012A-5E8D-4B66-A55B-EAA302D0D351}.Debug|x64.ActiveCfg = Debug|Any CPU
		{47AB012A-5E8D-4B66-A55B-EAA302D0D351}.Debug|x64.Build.0 = Debug|Any CPU
		{47AB012A-5E8D-4B66-A55B-EAA302D0D351}.Debug|x86.ActiveCfg = Debug|Any CPU
		{47AB012A-5E8D-4B66-A55B-EAA302D0D351}.Debug|x86.Build.0 = Debug|Any CPU
		{47AB012A-5E8D-4B66-A55B-EAA302D0D351}.Release|Any CPU.ActiveCfg = Release|Any CPU
		{47AB012A-5E8D-4B66-A55B-EAA302D0D351}.Release|Any CPU.Build.0 = Release|Any CPU
		{47AB012A-5E8D-4B66-A55B-EAA302D0D351}.Release|ARM.ActiveCfg = Release|Any CPU
		{47AB012A-5E8D-4B66-A55B-EAA302D0D351}.Release|ARM.Build.0 = Release|Any CPU
		{47AB012A-5E8D-4B66-A55B-EAA302D0D351}.Release|ARM64.ActiveCfg = Release|Any CPU
		{47AB012A-5E8D-4B66-A55B-EAA302D0D351}.Release|ARM64.Build.0 = Release|Any CPU
		{47AB012A-5E8D-4B66-A55B-EAA302D0D351}.Release|x64.ActiveCfg = Release|Any CPU
		{47AB012A-5E8D-4B66-A55B-EAA302D0D351}.Release|x64.Build.0 = Release|Any CPU
		{47AB012A-5E8D-4B66-A55B-EAA302D0D351}.Release|x86.ActiveCfg = Release|Any CPU
		{47AB012A-5E8D-4B66-A55B-EAA302D0D351}.Release|x86.Build.0 = Release|Any CPU
		{657C0E14-6837-4335-B410-28080A6B99D2}.Debug|Any CPU.ActiveCfg = Debug|x64
		{657C0E14-6837-4335-B410-28080A6B99D2}.Debug|Any CPU.Build.0 = Debug|x64
		{657C0E14-6837-4335-B410-28080A6B99D2}.Debug|ARM.ActiveCfg = Debug|x64
		{657C0E14-6837-4335-B410-28080A6B99D2}.Debug|ARM.Build.0 = Debug|x64
		{657C0E14-6837-4335-B410-28080A6B99D2}.Debug|ARM64.ActiveCfg = Debug|x64
		{657C0E14-6837-4335-B410-28080A6B99D2}.Debug|ARM64.Build.0 = Debug|x64
		{657C0E14-6837-4335-B410-28080A6B99D2}.Debug|x64.ActiveCfg = Debug|x64
		{657C0E14-6837-4335-B410-28080A6B99D2}.Debug|x64.Build.0 = Debug|x64
		{657C0E14-6837-4335-B410-28080A6B99D2}.Debug|x86.ActiveCfg = Debug|Win32
		{657C0E14-6837-4335-B410-28080A6B99D2}.Debug|x86.Build.0 = Debug|Win32
		{657C0E14-6837-4335-B410-28080A6B99D2}.Release|Any CPU.ActiveCfg = Release|x64
		{657C0E14-6837-4335-B410-28080A6B99D2}.Release|Any CPU.Build.0 = Release|x64
		{657C0E14-6837-4335-B410-28080A6B99D2}.Release|ARM.ActiveCfg = Release|x64
		{657C0E14-6837-4335-B410-28080A6B99D2}.Release|ARM.Build.0 = Release|x64
		{657C0E14-6837-4335-B410-28080A6B99D2}.Release|ARM64.ActiveCfg = Release|x64
		{657C0E14-6837-4335-B410-28080A6B99D2}.Release|ARM64.Build.0 = Release|x64
		{657C0E14-6837-4335-B410-28080A6B99D2}.Release|x64.ActiveCfg = Release|x64
		{657C0E14-6837-4335-B410-28080A6B99D2}.Release|x64.Build.0 = Release|x64
		{657C0E14-6837-4335-B410-28080A6B99D2}.Release|x86.ActiveCfg = Release|Win32
		{657C0E14-6837-4335-B410-28080A6B99D2}.Release|x86.Build.0 = Release|Win32
		{EBBDB68E-10E4-4397-9D17-D70568FAD7E0}.Debug|Any CPU.ActiveCfg = Debug|Any CPU
		{EBBDB68E-10E4-4397-9D17-D70568FAD7E0}.Debug|ARM.ActiveCfg = Debug|Any CPU
		{EBBDB68E-10E4-4397-9D17-D70568FAD7E0}.Debug|ARM64.ActiveCfg = Debug|Any CPU
		{EBBDB68E-10E4-4397-9D17-D70568FAD7E0}.Debug|x64.ActiveCfg = Debug|Any CPU
		{EBBDB68E-10E4-4397-9D17-D70568FAD7E0}.Debug|x86.ActiveCfg = Debug|Any CPU
		{EBBDB68E-10E4-4397-9D17-D70568FAD7E0}.Release|Any CPU.ActiveCfg = Release|Any CPU
		{EBBDB68E-10E4-4397-9D17-D70568FAD7E0}.Release|ARM.ActiveCfg = Release|Any CPU
		{EBBDB68E-10E4-4397-9D17-D70568FAD7E0}.Release|ARM64.ActiveCfg = Release|Any CPU
		{EBBDB68E-10E4-4397-9D17-D70568FAD7E0}.Release|x64.ActiveCfg = Release|Any CPU
		{EBBDB68E-10E4-4397-9D17-D70568FAD7E0}.Release|x86.ActiveCfg = Release|Any CPU
		{C2AD1CD7-E545-4B00-A43F-1B33F2942F19}.Debug|Any CPU.ActiveCfg = Debug|x64
		{C2AD1CD7-E545-4B00-A43F-1B33F2942F19}.Debug|Any CPU.Build.0 = Debug|x64
		{C2AD1CD7-E545-4B00-A43F-1B33F2942F19}.Debug|ARM.ActiveCfg = Debug|x64
		{C2AD1CD7-E545-4B00-A43F-1B33F2942F19}.Debug|ARM.Build.0 = Debug|x64
		{C2AD1CD7-E545-4B00-A43F-1B33F2942F19}.Debug|ARM64.ActiveCfg = Debug|x64
		{C2AD1CD7-E545-4B00-A43F-1B33F2942F19}.Debug|ARM64.Build.0 = Debug|x64
		{C2AD1CD7-E545-4B00-A43F-1B33F2942F19}.Debug|x64.ActiveCfg = Debug|x64
		{C2AD1CD7-E545-4B00-A43F-1B33F2942F19}.Debug|x64.Build.0 = Debug|x64
		{C2AD1CD7-E545-4B00-A43F-1B33F2942F19}.Debug|x86.ActiveCfg = Debug|Win32
		{C2AD1CD7-E545-4B00-A43F-1B33F2942F19}.Debug|x86.Build.0 = Debug|Win32
		{C2AD1CD7-E545-4B00-A43F-1B33F2942F19}.Release|Any CPU.ActiveCfg = Release|x64
		{C2AD1CD7-E545-4B00-A43F-1B33F2942F19}.Release|Any CPU.Build.0 = Release|x64
		{C2AD1CD7-E545-4B00-A43F-1B33F2942F19}.Release|ARM.ActiveCfg = Release|x64
		{C2AD1CD7-E545-4B00-A43F-1B33F2942F19}.Release|ARM.Build.0 = Release|x64
		{C2AD1CD7-E545-4B00-A43F-1B33F2942F19}.Release|ARM64.ActiveCfg = Release|x64
		{C2AD1CD7-E545-4B00-A43F-1B33F2942F19}.Release|ARM64.Build.0 = Release|x64
		{C2AD1CD7-E545-4B00-A43F-1B33F2942F19}.Release|x64.ActiveCfg = Release|x64
		{C2AD1CD7-E545-4B00-A43F-1B33F2942F19}.Release|x64.Build.0 = Release|x64
		{C2AD1CD7-E545-4B00-A43F-1B33F2942F19}.Release|x86.ActiveCfg = Release|Win32
		{C2AD1CD7-E545-4B00-A43F-1B33F2942F19}.Release|x86.Build.0 = Release|Win32
		{B7581656-09B1-4B7D-AB0B-A074E67668B6}.Debug|Any CPU.ActiveCfg = Debug|Any CPU
		{B7581656-09B1-4B7D-AB0B-A074E67668B6}.Debug|Any CPU.Build.0 = Debug|Any CPU
		{B7581656-09B1-4B7D-AB0B-A074E67668B6}.Debug|ARM.ActiveCfg = Debug|Any CPU
		{B7581656-09B1-4B7D-AB0B-A074E67668B6}.Debug|ARM.Build.0 = Debug|Any CPU
		{B7581656-09B1-4B7D-AB0B-A074E67668B6}.Debug|ARM64.ActiveCfg = Debug|Any CPU
		{B7581656-09B1-4B7D-AB0B-A074E67668B6}.Debug|ARM64.Build.0 = Debug|Any CPU
		{B7581656-09B1-4B7D-AB0B-A074E67668B6}.Debug|x64.ActiveCfg = Debug|Any CPU
		{B7581656-09B1-4B7D-AB0B-A074E67668B6}.Debug|x64.Build.0 = Debug|Any CPU
		{B7581656-09B1-4B7D-AB0B-A074E67668B6}.Debug|x86.ActiveCfg = Debug|Any CPU
		{B7581656-09B1-4B7D-AB0B-A074E67668B6}.Debug|x86.Build.0 = Debug|Any CPU
		{B7581656-09B1-4B7D-AB0B-A074E67668B6}.Release|Any CPU.ActiveCfg = Release|Any CPU
		{B7581656-09B1-4B7D-AB0B-A074E67668B6}.Release|Any CPU.Build.0 = Release|Any CPU
		{B7581656-09B1-4B7D-AB0B-A074E67668B6}.Release|ARM.ActiveCfg = Release|Any CPU
		{B7581656-09B1-4B7D-AB0B-A074E67668B6}.Release|ARM.Build.0 = Release|Any CPU
		{B7581656-09B1-4B7D-AB0B-A074E67668B6}.Release|ARM64.ActiveCfg = Release|Any CPU
		{B7581656-09B1-4B7D-AB0B-A074E67668B6}.Release|ARM64.Build.0 = Release|Any CPU
		{B7581656-09B1-4B7D-AB0B-A074E67668B6}.Release|x64.ActiveCfg = Release|Any CPU
		{B7581656-09B1-4B7D-AB0B-A074E67668B6}.Release|x64.Build.0 = Release|Any CPU
		{B7581656-09B1-4B7D-AB0B-A074E67668B6}.Release|x86.ActiveCfg = Release|Any CPU
		{B7581656-09B1-4B7D-AB0B-A074E67668B6}.Release|x86.Build.0 = Release|Any CPU
	EndGlobalSection
	GlobalSection(SolutionProperties) = preSolution
		HideSolutionNode = FALSE
	EndGlobalSection
	GlobalSection(ExtensibilityGlobals) = postSolution
		SolutionGuid = {7440B38B-4569-4E5B-B162-9086CA09142F}
	EndGlobalSection
EndGlobal
